// !$*UTF8*$!
{
	archiveVersion = 1;
	classes = {
	};
	objectVersion = 46;
	objects = {

/* Begin PBXBuildFile section */
		5DFCE19D53A66C6FB1F206BB /* Pods_countryflags.framework in Frameworks */ = {isa = PBXBuildFile; fileRef = 8AF2EC6B56E88F01CF424E4A /* Pods_countryflags.framework */; };
		889EFD521E641C7BDC5F32CC /* Pods_countryflagsTests.framework in Frameworks */ = {isa = PBXBuildFile; fileRef = 23AEE01D499FA5FFEA07FDF2 /* Pods_countryflagsTests.framework */; };
		A09606201DE041A600744E0E /* FlagViewController.swift in Sources */ = {isa = PBXBuildFile; fileRef = A096061F1DE041A600744E0E /* FlagViewController.swift */; };
		BC0B5EA51DDF9B030037B473 /* AppDelegate.swift in Sources */ = {isa = PBXBuildFile; fileRef = BC0B5EA41DDF9B030037B473 /* AppDelegate.swift */; };
		BC0B5EA71DDF9B030037B473 /* ViewController.swift in Sources */ = {isa = PBXBuildFile; fileRef = BC0B5EA61DDF9B030037B473 /* ViewController.swift */; };
		BC0B5EAA1DDF9B030037B473 /* Main.storyboard in Resources */ = {isa = PBXBuildFile; fileRef = BC0B5EA81DDF9B030037B473 /* Main.storyboard */; };
		BC0B5EAC1DDF9B030037B473 /* Assets.xcassets in Resources */ = {isa = PBXBuildFile; fileRef = BC0B5EAB1DDF9B030037B473 /* Assets.xcassets */; };
		BC0B5EAF1DDF9B030037B473 /* LaunchScreen.storyboard in Resources */ = {isa = PBXBuildFile; fileRef = BC0B5EAD1DDF9B030037B473 /* LaunchScreen.storyboard */; };
		BC0B5EBA1DDF9B030037B473 /* countryflagsTests.swift in Sources */ = {isa = PBXBuildFile; fileRef = BC0B5EB91DDF9B030037B473 /* countryflagsTests.swift */; };
/* End PBXBuildFile section */

/* Begin PBXContainerItemProxy section */
		BC0B5EB61DDF9B030037B473 /* PBXContainerItemProxy */ = {
			isa = PBXContainerItemProxy;
			containerPortal = BC0B5E991DDF9B030037B473 /* Project object */;
			proxyType = 1;
			remoteGlobalIDString = BC0B5EA01DDF9B030037B473;
			remoteInfo = countryflags;
		};
/* End PBXContainerItemProxy section */

/* Begin PBXFileReference section */
		23AEE01D499FA5FFEA07FDF2 /* Pods_countryflagsTests.framework */ = {isa = PBXFileReference; explicitFileType = wrapper.framework; includeInIndex = 0; path = Pods_countryflagsTests.framework; sourceTree = BUILT_PRODUCTS_DIR; };
		81F5BCB5E44FD31F1B605F75 /* Pods-countryflags.release.xcconfig */ = {isa = PBXFileReference; includeInIndex = 1; lastKnownFileType = text.xcconfig; name = "Pods-countryflags.release.xcconfig"; path = "Pods/Target Support Files/Pods-countryflags/Pods-countryflags.release.xcconfig"; sourceTree = "<group>"; };
		8AF2EC6B56E88F01CF424E4A /* Pods_countryflags.framework */ = {isa = PBXFileReference; explicitFileType = wrapper.framework; includeInIndex = 0; path = Pods_countryflags.framework; sourceTree = BUILT_PRODUCTS_DIR; };
		914412718400D4B16E63B808 /* Pods-countryflags.debug.xcconfig */ = {isa = PBXFileReference; includeInIndex = 1; lastKnownFileType = text.xcconfig; name = "Pods-countryflags.debug.xcconfig"; path = "Pods/Target Support Files/Pods-countryflags/Pods-countryflags.debug.xcconfig"; sourceTree = "<group>"; };
		A096061F1DE041A600744E0E /* FlagViewController.swift */ = {isa = PBXFileReference; fileEncoding = 4; lastKnownFileType = sourcecode.swift; path = FlagViewController.swift; sourceTree = "<group>"; };
		BC0B5EA11DDF9B030037B473 /* countryflags.app */ = {isa = PBXFileReference; explicitFileType = wrapper.application; includeInIndex = 0; path = countryflags.app; sourceTree = BUILT_PRODUCTS_DIR; };
		BC0B5EA41DDF9B030037B473 /* AppDelegate.swift */ = {isa = PBXFileReference; lastKnownFileType = sourcecode.swift; path = AppDelegate.swift; sourceTree = "<group>"; };
		BC0B5EA61DDF9B030037B473 /* ViewController.swift */ = {isa = PBXFileReference; lastKnownFileType = sourcecode.swift; path = ViewController.swift; sourceTree = "<group>"; };
		BC0B5EA91DDF9B030037B473 /* Base */ = {isa = PBXFileReference; lastKnownFileType = file.storyboard; name = Base; path = Base.lproj/Main.storyboard; sourceTree = "<group>"; };
		BC0B5EAB1DDF9B030037B473 /* Assets.xcassets */ = {isa = PBXFileReference; lastKnownFileType = folder.assetcatalog; path = Assets.xcassets; sourceTree = "<group>"; };
		BC0B5EAE1DDF9B030037B473 /* Base */ = {isa = PBXFileReference; lastKnownFileType = file.storyboard; name = Base; path = Base.lproj/LaunchScreen.storyboard; sourceTree = "<group>"; };
		BC0B5EB01DDF9B030037B473 /* Info.plist */ = {isa = PBXFileReference; lastKnownFileType = text.plist.xml; path = Info.plist; sourceTree = "<group>"; };
		BC0B5EB51DDF9B030037B473 /* countryflagsTests.xctest */ = {isa = PBXFileReference; explicitFileType = wrapper.cfbundle; includeInIndex = 0; path = countryflagsTests.xctest; sourceTree = BUILT_PRODUCTS_DIR; };
		BC0B5EB91DDF9B030037B473 /* countryflagsTests.swift */ = {isa = PBXFileReference; lastKnownFileType = sourcecode.swift; path = countryflagsTests.swift; sourceTree = "<group>"; };
		BC0B5EBB1DDF9B030037B473 /* Info.plist */ = {isa = PBXFileReference; lastKnownFileType = text.plist.xml; path = Info.plist; sourceTree = "<group>"; };
		C24589B15F5C498F56CE7C8C /* Pods-countryflagsTests.release.xcconfig */ = {isa = PBXFileReference; includeInIndex = 1; lastKnownFileType = text.xcconfig; name = "Pods-countryflagsTests.release.xcconfig"; path = "Pods/Target Support Files/Pods-countryflagsTests/Pods-countryflagsTests.release.xcconfig"; sourceTree = "<group>"; };
		E279B5B0852EAD5E3A98865D /* Pods-countryflagsTests.debug.xcconfig */ = {isa = PBXFileReference; includeInIndex = 1; lastKnownFileType = text.xcconfig; name = "Pods-countryflagsTests.debug.xcconfig"; path = "Pods/Target Support Files/Pods-countryflagsTests/Pods-countryflagsTests.debug.xcconfig"; sourceTree = "<group>"; };
/* End PBXFileReference section */

/* Begin PBXFrameworksBuildPhase section */
		BC0B5E9E1DDF9B030037B473 /* Frameworks */ = {
			isa = PBXFrameworksBuildPhase;
			buildActionMask = 2147483647;
			files = (
				5DFCE19D53A66C6FB1F206BB /* Pods_countryflags.framework in Frameworks */,
			);
			runOnlyForDeploymentPostprocessing = 0;
		};
		BC0B5EB21DDF9B030037B473 /* Frameworks */ = {
			isa = PBXFrameworksBuildPhase;
			buildActionMask = 2147483647;
			files = (
				889EFD521E641C7BDC5F32CC /* Pods_countryflagsTests.framework in Frameworks */,
			);
			runOnlyForDeploymentPostprocessing = 0;
		};
/* End PBXFrameworksBuildPhase section */

/* Begin PBXGroup section */
		A50B2D6E8F28AE14A409785B /* Frameworks */ = {
			isa = PBXGroup;
			children = (
				8AF2EC6B56E88F01CF424E4A /* Pods_countryflags.framework */,
				23AEE01D499FA5FFEA07FDF2 /* Pods_countryflagsTests.framework */,
			);
			name = Frameworks;
			sourceTree = "<group>";
		};
		BC0B5E981DDF9B030037B473 = {
			isa = PBXGroup;
			children = (
				BC0B5EA31DDF9B030037B473 /* countryflags */,
				BC0B5EB81DDF9B030037B473 /* countryflagsTests */,
				BC0B5EA21DDF9B030037B473 /* Products */,
				F33B6A488220BA4BE3E701C1 /* Pods */,
				A50B2D6E8F28AE14A409785B /* Frameworks */,
			);
			sourceTree = "<group>";
		};
		BC0B5EA21DDF9B030037B473 /* Products */ = {
			isa = PBXGroup;
			children = (
				BC0B5EA11DDF9B030037B473 /* countryflags.app */,
				BC0B5EB51DDF9B030037B473 /* countryflagsTests.xctest */,
			);
			name = Products;
			sourceTree = "<group>";
		};
		BC0B5EA31DDF9B030037B473 /* countryflags */ = {
			isa = PBXGroup;
			children = (
				BC0B5EA41DDF9B030037B473 /* AppDelegate.swift */,
				BC0B5EA61DDF9B030037B473 /* ViewController.swift */,
				BC0B5EA81DDF9B030037B473 /* Main.storyboard */,
				BC0B5EAB1DDF9B030037B473 /* Assets.xcassets */,
				BC0B5EAD1DDF9B030037B473 /* LaunchScreen.storyboard */,
				BC0B5EB01DDF9B030037B473 /* Info.plist */,
				A096061F1DE041A600744E0E /* FlagViewController.swift */,
			);
			path = countryflags;
			sourceTree = "<group>";
		};
		BC0B5EB81DDF9B030037B473 /* countryflagsTests */ = {
			isa = PBXGroup;
			children = (
				BC0B5EB91DDF9B030037B473 /* countryflagsTests.swift */,
				BC0B5EBB1DDF9B030037B473 /* Info.plist */,
			);
			path = countryflagsTests;
			sourceTree = "<group>";
		};
		F33B6A488220BA4BE3E701C1 /* Pods */ = {
			isa = PBXGroup;
			children = (
				914412718400D4B16E63B808 /* Pods-countryflags.debug.xcconfig */,
				81F5BCB5E44FD31F1B605F75 /* Pods-countryflags.release.xcconfig */,
				E279B5B0852EAD5E3A98865D /* Pods-countryflagsTests.debug.xcconfig */,
				C24589B15F5C498F56CE7C8C /* Pods-countryflagsTests.release.xcconfig */,
			);
			name = Pods;
			sourceTree = "<group>";
		};
/* End PBXGroup section */

/* Begin PBXNativeTarget section */
		BC0B5EA01DDF9B030037B473 /* countryflags */ = {
			isa = PBXNativeTarget;
			buildConfigurationList = BC0B5EBE1DDF9B030037B473 /* Build configuration list for PBXNativeTarget "countryflags" */;
			buildPhases = (
				23CF40E72E4F683917CE2570 /* [CP] Check Pods Manifest.lock */,
				BC0B5E9D1DDF9B030037B473 /* Sources */,
				BC0B5E9E1DDF9B030037B473 /* Frameworks */,
				BC0B5E9F1DDF9B030037B473 /* Resources */,
				EFA8D8C679B6AB324F35F5EA /* [CP] Embed Pods Frameworks */,
				BF1E8B9BA9DFE9F6BDEE1B00 /* [CP] Copy Pods Resources */,
			);
			buildRules = (
			);
			dependencies = (
			);
			name = countryflags;
			productName = countryflags;
			productReference = BC0B5EA11DDF9B030037B473 /* countryflags.app */;
			productType = "com.apple.product-type.application";
		};
		BC0B5EB41DDF9B030037B473 /* countryflagsTests */ = {
			isa = PBXNativeTarget;
			buildConfigurationList = BC0B5EC11DDF9B030037B473 /* Build configuration list for PBXNativeTarget "countryflagsTests" */;
			buildPhases = (
				07FD314A9CEFA531F9671EB3 /* [CP] Check Pods Manifest.lock */,
				BC0B5EB11DDF9B030037B473 /* Sources */,
				BC0B5EB21DDF9B030037B473 /* Frameworks */,
				BC0B5EB31DDF9B030037B473 /* Resources */,
				3B7433AF55248D9F490D240A /* [CP] Embed Pods Frameworks */,
				29872F2E3A34012B25B95CAA /* [CP] Copy Pods Resources */,
			);
			buildRules = (
			);
			dependencies = (
				BC0B5EB71DDF9B030037B473 /* PBXTargetDependency */,
			);
			name = countryflagsTests;
			productName = countryflagsTests;
			productReference = BC0B5EB51DDF9B030037B473 /* countryflagsTests.xctest */;
			productType = "com.apple.product-type.bundle.unit-test";
		};
/* End PBXNativeTarget section */

/* Begin PBXProject section */
		BC0B5E991DDF9B030037B473 /* Project object */ = {
			isa = PBXProject;
			attributes = {
				LastSwiftUpdateCheck = 0800;
				LastUpgradeCheck = 0800;
				ORGANIZATIONNAME = "Dennis Chau";
				TargetAttributes = {
					BC0B5EA01DDF9B030037B473 = {
						CreatedOnToolsVersion = 8.0;
						ProvisioningStyle = Automatic;
					};
					BC0B5EB41DDF9B030037B473 = {
						CreatedOnToolsVersion = 8.0;
						ProvisioningStyle = Automatic;
						TestTargetID = BC0B5EA01DDF9B030037B473;
					};
				};
			};
			buildConfigurationList = BC0B5E9C1DDF9B030037B473 /* Build configuration list for PBXProject "countryflags" */;
			compatibilityVersion = "Xcode 3.2";
			developmentRegion = English;
			hasScannedForEncodings = 0;
			knownRegions = (
				en,
				Base,
			);
			mainGroup = BC0B5E981DDF9B030037B473;
			productRefGroup = BC0B5EA21DDF9B030037B473 /* Products */;
			projectDirPath = "";
			projectRoot = "";
			targets = (
				BC0B5EA01DDF9B030037B473 /* countryflags */,
				BC0B5EB41DDF9B030037B473 /* countryflagsTests */,
			);
		};
/* End PBXProject section */

/* Begin PBXResourcesBuildPhase section */
		BC0B5E9F1DDF9B030037B473 /* Resources */ = {
			isa = PBXResourcesBuildPhase;
			buildActionMask = 2147483647;
			files = (
				BC0B5EAF1DDF9B030037B473 /* LaunchScreen.storyboard in Resources */,
				BC0B5EAC1DDF9B030037B473 /* Assets.xcassets in Resources */,
				BC0B5EAA1DDF9B030037B473 /* Main.storyboard in Resources */,
			);
			runOnlyForDeploymentPostprocessing = 0;
		};
		BC0B5EB31DDF9B030037B473 /* Resources */ = {
			isa = PBXResourcesBuildPhase;
			buildActionMask = 2147483647;
			files = (
			);
			runOnlyForDeploymentPostprocessing = 0;
		};
/* End PBXResourcesBuildPhase section */

/* Begin PBXShellScriptBuildPhase section */
		07FD314A9CEFA531F9671EB3 /* [CP] Check Pods Manifest.lock */ = {
			isa = PBXShellScriptBuildPhase;
			buildActionMask = 2147483647;
			files = (
			);
			inputPaths = (
			);
			name = "[CP] Check Pods Manifest.lock";
			outputPaths = (
			);
			runOnlyForDeploymentPostprocessing = 0;
			shellPath = /bin/sh;
			shellScript = "diff \"${PODS_ROOT}/../Podfile.lock\" \"${PODS_ROOT}/Manifest.lock\" > /dev/null\nif [ $? != 0 ] ; then\n    # print error to STDERR\n    echo \"error: The sandbox is not in sync with the Podfile.lock. Run 'pod install' or update your CocoaPods installation.\" >&2\n    exit 1\nfi\n";
			showEnvVarsInLog = 0;
		};
		23CF40E72E4F683917CE2570 /* [CP] Check Pods Manifest.lock */ = {
			isa = PBXShellScriptBuildPhase;
			buildActionMask = 2147483647;
			files = (
			);
			inputPaths = (
			);
			name = "[CP] Check Pods Manifest.lock";
			outputPaths = (
			);
			runOnlyForDeploymentPostprocessing = 0;
			shellPath = /bin/sh;
			shellScript = "diff \"${PODS_ROOT}/../Podfile.lock\" \"${PODS_ROOT}/Manifest.lock\" > /dev/null\nif [ $? != 0 ] ; then\n    # print error to STDERR\n    echo \"error: The sandbox is not in sync with the Podfile.lock. Run 'pod install' or update your CocoaPods installation.\" >&2\n    exit 1\nfi\n";
			showEnvVarsInLog = 0;
		};
		29872F2E3A34012B25B95CAA /* [CP] Copy Pods Resources */ = {
			isa = PBXShellScriptBuildPhase;
			buildActionMask = 2147483647;
			files = (
			);
			inputPaths = (
			);
			name = "[CP] Copy Pods Resources";
			outputPaths = (
			);
			runOnlyForDeploymentPostprocessing = 0;
			shellPath = /bin/sh;
			shellScript = "\"${SRCROOT}/Pods/Target Support Files/Pods-countryflagsTests/Pods-countryflagsTests-resources.sh\"\n";
			showEnvVarsInLog = 0;
		};
		3B7433AF55248D9F490D240A /* [CP] Embed Pods Frameworks */ = {
			isa = PBXShellScriptBuildPhase;
			buildActionMask = 2147483647;
			files = (
			);
			inputPaths = (
			);
			name = "[CP] Embed Pods Frameworks";
			outputPaths = (
			);
			runOnlyForDeploymentPostprocessing = 0;
			shellPath = /bin/sh;
			shellScript = "\"${SRCROOT}/Pods/Target Support Files/Pods-countryflagsTests/Pods-countryflagsTests-frameworks.sh\"\n";
			showEnvVarsInLog = 0;
		};
		BF1E8B9BA9DFE9F6BDEE1B00 /* [CP] Copy Pods Resources */ = {
			isa = PBXShellScriptBuildPhase;
			buildActionMask = 2147483647;
			files = (
			);
			inputPaths = (
			);
			name = "[CP] Copy Pods Resources";
			outputPaths = (
			);
			runOnlyForDeploymentPostprocessing = 0;
			shellPath = /bin/sh;
			shellScript = "\"${SRCROOT}/Pods/Target Support Files/Pods-countryflags/Pods-countryflags-resources.sh\"\n";
			showEnvVarsInLog = 0;
		};
		EFA8D8C679B6AB324F35F5EA /* [CP] Embed Pods Frameworks */ = {
			isa = PBXShellScriptBuildPhase;
			buildActionMask = 2147483647;
			files = (
			);
			inputPaths = (
			);
			name = "[CP] Embed Pods Frameworks";
			outputPaths = (
			);
			runOnlyForDeploymentPostprocessing = 0;
			shellPath = /bin/sh;
			shellScript = "\"${SRCROOT}/Pods/Target Support Files/Pods-countryflags/Pods-countryflags-frameworks.sh\"\n";
			showEnvVarsInLog = 0;
		};
/* End PBXShellScriptBuildPhase section */

/* Begin PBXSourcesBuildPhase section */
		BC0B5E9D1DDF9B030037B473 /* Sources */ = {
			isa = PBXSourcesBuildPhase;
			buildActionMask = 2147483647;
			files = (
				BC0B5EA71DDF9B030037B473 /* ViewController.swift in Sources */,
				A09606201DE041A600744E0E /* FlagViewController.swift in Sources */,
				BC0B5EA51DDF9B030037B473 /* AppDelegate.swift in Sources */,
			);
			runOnlyForDeploymentPostprocessing = 0;
		};
		BC0B5EB11DDF9B030037B473 /* Sources */ = {
			isa = PBXSourcesBuildPhase;
			buildActionMask = 2147483647;
			files = (
				BC0B5EBA1DDF9B030037B473 /* countryflagsTests.swift in Sources */,
			);
			runOnlyForDeploymentPostprocessing = 0;
		};
/* End PBXSourcesBuildPhase section */

/* Begin PBXTargetDependency section */
		BC0B5EB71DDF9B030037B473 /* PBXTargetDependency */ = {
			isa = PBXTargetDependency;
			target = BC0B5EA01DDF9B030037B473 /* countryflags */;
			targetProxy = BC0B5EB61DDF9B030037B473 /* PBXContainerItemProxy */;
		};
/* End PBXTargetDependency section */

/* Begin PBXVariantGroup section */
		BC0B5EA81DDF9B030037B473 /* Main.storyboard */ = {
			isa = PBXVariantGroup;
			children = (
				BC0B5EA91DDF9B030037B473 /* Base */,
			);
			name = Main.storyboard;
			sourceTree = "<group>";
		};
		BC0B5EAD1DDF9B030037B473 /* LaunchScreen.storyboard */ = {
			isa = PBXVariantGroup;
			children = (
				BC0B5EAE1DDF9B030037B473 /* Base */,
			);
			name = LaunchScreen.storyboard;
			sourceTree = "<group>";
		};
/* End PBXVariantGroup section */

/* Begin XCBuildConfiguration section */
		BC0B5EBC1DDF9B030037B473 /* Debug */ = {
			isa = XCBuildConfiguration;
			buildSettings = {
				ALWAYS_SEARCH_USER_PATHS = NO;
				CLANG_ANALYZER_NONNULL = YES;
				CLANG_CXX_LANGUAGE_STANDARD = "gnu++0x";
				CLANG_CXX_LIBRARY = "libc++";
				CLANG_ENABLE_MODULES = YES;
				CLANG_ENABLE_OBJC_ARC = YES;
				CLANG_WARN_BOOL_CONVERSION = YES;
				CLANG_WARN_CONSTANT_CONVERSION = YES;
				CLANG_WARN_DIRECT_OBJC_ISA_USAGE = YES_ERROR;
				CLANG_WARN_DOCUMENTATION_COMMENTS = YES;
				CLANG_WARN_EMPTY_BODY = YES;
				CLANG_WARN_ENUM_CONVERSION = YES;
				CLANG_WARN_INFINITE_RECURSION = YES;
				CLANG_WARN_INT_CONVERSION = YES;
				CLANG_WARN_OBJC_ROOT_CLASS = YES_ERROR;
				CLANG_WARN_SUSPICIOUS_MOVES = YES;
				CLANG_WARN_UNREACHABLE_CODE = YES;
				CLANG_WARN__DUPLICATE_METHOD_MATCH = YES;
				"CODE_SIGN_IDENTITY[sdk=iphoneos*]" = "iPhone Developer";
				COPY_PHASE_STRIP = NO;
				DEBUG_INFORMATION_FORMAT = dwarf;
				ENABLE_STRICT_OBJC_MSGSEND = YES;
				ENABLE_TESTABILITY = YES;
				GCC_C_LANGUAGE_STANDARD = gnu99;
				GCC_DYNAMIC_NO_PIC = NO;
				GCC_NO_COMMON_BLOCKS = YES;
				GCC_OPTIMIZATION_LEVEL = 0;
				GCC_PREPROCESSOR_DEFINITIONS = (
					"DEBUG=1",
					"$(inherited)",
				);
				GCC_WARN_64_TO_32_BIT_CONVERSION = YES;
				GCC_WARN_ABOUT_RETURN_TYPE = YES_ERROR;
				GCC_WARN_UNDECLARED_SELECTOR = YES;
				GCC_WARN_UNINITIALIZED_AUTOS = YES_AGGRESSIVE;
				GCC_WARN_UNUSED_FUNCTION = YES;
				GCC_WARN_UNUSED_VARIABLE = YES;
				IPHONEOS_DEPLOYMENT_TARGET = 10.0;
				MTL_ENABLE_DEBUG_INFO = YES;
				ONLY_ACTIVE_ARCH = YES;
				SDKROOT = iphoneos;
				SWIFT_ACTIVE_COMPILATION_CONDITIONS = DEBUG;
				SWIFT_OPTIMIZATION_LEVEL = "-Onone";
				TARGETED_DEVICE_FAMILY = "1,2";
			};
			name = Debug;
		};
		BC0B5EBD1DDF9B030037B473 /* Release */ = {
			isa = XCBuildConfiguration;
			buildSettings = {
				ALWAYS_SEARCH_USER_PATHS = NO;
				CLANG_ANALYZER_NONNULL = YES;
				CLANG_CXX_LANGUAGE_STANDARD = "gnu++0x";
				CLANG_CXX_LIBRARY = "libc++";
				CLANG_ENABLE_MODULES = YES;
				CLANG_ENABLE_OBJC_ARC = YES;
				CLANG_WARN_BOOL_CONVERSION = YES;
				CLANG_WARN_CONSTANT_CONVERSION = YES;
				CLANG_WARN_DIRECT_OBJC_ISA_USAGE = YES_ERROR;
				CLANG_WARN_DOCUMENTATION_COMMENTS = YES;
				CLANG_WARN_EMPTY_BODY = YES;
				CLANG_WARN_ENUM_CONVERSION = YES;
				CLANG_WARN_INFINITE_RECURSION = YES;
				CLANG_WARN_INT_CONVERSION = YES;
				CLANG_WARN_OBJC_ROOT_CLASS = YES_ERROR;
				CLANG_WARN_SUSPICIOUS_MOVES = YES;
				CLANG_WARN_UNREACHABLE_CODE = YES;
				CLANG_WARN__DUPLICATE_METHOD_MATCH = YES;
				"CODE_SIGN_IDENTITY[sdk=iphoneos*]" = "iPhone Developer";
				COPY_PHASE_STRIP = NO;
				DEBUG_INFORMATION_FORMAT = "dwarf-with-dsym";
				ENABLE_NS_ASSERTIONS = NO;
				ENABLE_STRICT_OBJC_MSGSEND = YES;
				GCC_C_LANGUAGE_STANDARD = gnu99;
				GCC_NO_COMMON_BLOCKS = YES;
				GCC_WARN_64_TO_32_BIT_CONVERSION = YES;
				GCC_WARN_ABOUT_RETURN_TYPE = YES_ERROR;
				GCC_WARN_UNDECLARED_SELECTOR = YES;
				GCC_WARN_UNINITIALIZED_AUTOS = YES_AGGRESSIVE;
				GCC_WARN_UNUSED_FUNCTION = YES;
				GCC_WARN_UNUSED_VARIABLE = YES;
				IPHONEOS_DEPLOYMENT_TARGET = 10.0;
				MTL_ENABLE_DEBUG_INFO = NO;
				SDKROOT = iphoneos;
				SWIFT_OPTIMIZATION_LEVEL = "-Owholemodule";
				TARGETED_DEVICE_FAMILY = "1,2";
				VALIDATE_PRODUCT = YES;
			};
			name = Release;
		};
		BC0B5EBF1DDF9B030037B473 /* Debug */ = {
			isa = XCBuildConfiguration;
			baseConfigurationReference = 914412718400D4B16E63B808 /* Pods-countryflags.debug.xcconfig */;
			buildSettings = {
				ASSETCATALOG_COMPILER_LAUNCHIMAGE_NAME = LaunchImage;
				INFOPLIST_FILE = countryflags/Info.plist;
				LD_RUNPATH_SEARCH_PATHS = "$(inherited) @executable_path/Frameworks";
				PRODUCT_BUNDLE_IDENTIFIER = com.flags.countryflags;
				PRODUCT_NAME = "$(TARGET_NAME)";
				SWIFT_VERSION = 3.0;
			};
			name = Debug;
		};
		BC0B5EC01DDF9B030037B473 /* Release */ = {
			isa = XCBuildConfiguration;
			baseConfigurationReference = 81F5BCB5E44FD31F1B605F75 /* Pods-countryflags.release.xcconfig */;
			buildSettings = {
				ASSETCATALOG_COMPILER_LAUNCHIMAGE_NAME = LaunchImage;
				INFOPLIST_FILE = countryflags/Info.plist;
				LD_RUNPATH_SEARCH_PATHS = "$(inherited) @executable_path/Frameworks";
				PRODUCT_BUNDLE_IDENTIFIER = com.flags.countryflags;
				PRODUCT_NAME = "$(TARGET_NAME)";
				SWIFT_VERSION = 3.0;
			};
			name = Release;
		};
		BC0B5EC21DDF9B030037B473 /* Debug */ = {
			isa = XCBuildConfiguration;
			baseConfigurationReference = E279B5B0852EAD5E3A98865D /* Pods-countryflagsTests.debug.xcconfig */;
			buildSettings = {
				ALWAYS_EMBED_SWIFT_STANDARD_LIBRARIES = YES;
				BUNDLE_LOADER = "$(TEST_HOST)";
				INFOPLIST_FILE = countryflagsTests/Info.plist;
				LD_RUNPATH_SEARCH_PATHS = "$(inherited) @executable_path/Frameworks @loader_path/Frameworks";
				PRODUCT_BUNDLE_IDENTIFIER = com.flags.countryflagsTests;
				PRODUCT_NAME = "$(TARGET_NAME)";
				SWIFT_VERSION = 3.0;
				TEST_HOST = "$(BUILT_PRODUCTS_DIR)/countryflags.app/countryflags";
			};
			name = Debug;
		};
		BC0B5EC31DDF9B030037B473 /* Release */ = {
			isa = XCBuildConfiguration;
			baseConfigurationReference = C24589B15F5C498F56CE7C8C /* Pods-countryflagsTests.release.xcconfig */;
			buildSettings = {
				ALWAYS_EMBED_SWIFT_STANDARD_LIBRARIES = YES;
				BUNDLE_LOADER = "$(TEST_HOST)";
				INFOPLIST_FILE = countryflagsTests/Info.plist;
				LD_RUNPATH_SEARCH_PATHS = "$(inherited) @executable_path/Frameworks @loader_path/Frameworks";
				PRODUCT_BUNDLE_IDENTIFIER = com.flags.countryflagsTests;
				PRODUCT_NAME = "$(TARGET_NAME)";
				SWIFT_VERSION = 3.0;
				TEST_HOST = "$(BUILT_PRODUCTS_DIR)/countryflags.app/countryflags";
			};
			name = Release;
		};
/* End XCBuildConfiguration section */

/* Begin XCConfigurationList section */
		BC0B5E9C1DDF9B030037B473 /* Build configuration list for PBXProject "countryflags" */ = {
			isa = XCConfigurationList;
			buildConfigurations = (
				BC0B5EBC1DDF9B030037B473 /* Debug */,
				BC0B5EBD1DDF9B030037B473 /* Release */,
			);
			defaultConfigurationIsVisible = 0;
			defaultConfigurationName = Release;
		};
		BC0B5EBE1DDF9B030037B473 /* Build configuration list for PBXNativeTarget "countryflags" */ = {
			isa = XCConfigurationList;
			buildConfigurations = (
				BC0B5EBF1DDF9B030037B473 /* Debug */,
				BC0B5EC01DDF9B030037B473 /* Release */,
			);
			defaultConfigurationIsVisible = 0;
			defaultConfigurationName = Release;
		};
		BC0B5EC11DDF9B030037B473 /* Build configuration list for PBXNativeTarget "countryflagsTests" */ = {
			isa = XCConfigurationList;
			buildConfigurations = (
				BC0B5EC21DDF9B030037B473 /* Debug */,
				BC0B5EC31DDF9B030037B473 /* Release */,
			);
			defaultConfigurationIsVisible = 0;
			defaultConfigurationName = Release;
		};
/* End XCConfigurationList section */
	};
	rootObject = BC0B5E991DDF9B030037B473 /* Project object */;
}
